
Microsoft Visual Studio Solution File, Format Version 12.00
# Visual Studio Version 17
VisualStudioVersion = 17.13.35919.96 d17.13
MinimumVisualStudioVersion = 10.0.40219.1
Project("{FAE04EC0-301F-11D3-BF4B-00C04F79EFBC}") = "WindowsFormsApp_18_Task_Async_Await", "WindowsFormsApp_18_Task_Async_Await\WindowsFormsApp_18_Task_Async_Await.csproj", "{73883F29-9BEA-4F34-BCEA-D3637C8C0C33}"
EndProject
Global
	GlobalSection(SolutionConfigurationPlatforms) = preSolution
		Debug|Any CPU = Debug|Any CPU
		Release|Any CPU = Release|Any CPU
	EndGlobalSection
	GlobalSection(ProjectConfigurationPlatforms) = postSolution
		{73883F29-9BEA-4F34-BCEA-D3637C8C0C33}.Debug|Any CPU.ActiveCfg = Debug|Any CPU
		{73883F29-9BEA-4F34-BCEA-D3637C8C0C33}.Debug|Any CPU.Build.0 = Debug|Any CPU
		{73883F29-9BEA-4F34-BCEA-D3637C8C0C33}.Release|Any CPU.ActiveCfg = Release|Any CPU
		{73883F29-9BEA-4F34-BCEA-D3637C8C0C33}.Release|Any CPU.Build.0 = Release|Any CPU
	EndGlobalSection
	GlobalSection(SolutionProperties) = preSolution
		HideSolutionNode = FALSE
	EndGlobalSection
	GlobalSection(ExtensibilityGlobals) = postSolution
		SolutionGuid = {56040E25-36C5-4BB8-B475-F0B35EE59CCB}
	EndGlobalSection
EndGlobal
